// !$*UTF8*$!
{
	archiveVersion = 1;
	classes = {
	};
	objectVersion = 55;
	objects = {

/* Begin PBXBuildFile section */
		41AE21D6295C9CA00082B081 /* AppDelegate.swift in Sources */ = {isa = PBXBuildFile; fileRef = 41AE21D5295C9CA00082B081 /* AppDelegate.swift */; };
		41AE21D8295C9CA00082B081 /* SceneDelegate.swift in Sources */ = {isa = PBXBuildFile; fileRef = 41AE21D7295C9CA00082B081 /* SceneDelegate.swift */; };
		41AE21DA295C9CA00082B081 /* ViewController.swift in Sources */ = {isa = PBXBuildFile; fileRef = 41AE21D9295C9CA00082B081 /* ViewController.swift */; };
		41AE21DD295C9CA00082B081 /* Main.storyboard in Resources */ = {isa = PBXBuildFile; fileRef = 41AE21DB295C9CA00082B081 /* Main.storyboard */; };
		41AE21DF295C9CA30082B081 /* Assets.xcassets in Resources */ = {isa = PBXBuildFile; fileRef = 41AE21DE295C9CA30082B081 /* Assets.xcassets */; };
		41AE21E2295C9CA30082B081 /* LaunchScreen.storyboard in Resources */ = {isa = PBXBuildFile; fileRef = 41AE21E0295C9CA30082B081 /* LaunchScreen.storyboard */; };
		41AE21ED295C9CA30082B081 /* MySpellBeeTests.swift in Sources */ = {isa = PBXBuildFile; fileRef = 41AE21EC295C9CA30082B081 /* MySpellBeeTests.swift */; };
		41AE21F7295C9CA30082B081 /* MySpellBeeUITests.swift in Sources */ = {isa = PBXBuildFile; fileRef = 41AE21F6295C9CA30082B081 /* MySpellBeeUITests.swift */; };
		41AE21F9295C9CA30082B081 /* MySpellBeeUITestsLaunchTests.swift in Sources */ = {isa = PBXBuildFile; fileRef = 41AE21F8295C9CA30082B081 /* MySpellBeeUITestsLaunchTests.swift */; };
/* End PBXBuildFile section */

/* Begin PBXContainerItemProxy section */
		41AE21E9295C9CA30082B081 /* PBXContainerItemProxy */ = {
			isa = PBXContainerItemProxy;
			containerPortal = 41AE21CA295C9CA00082B081 /* Project object */;
			proxyType = 1;
			remoteGlobalIDString = 41AE21D1295C9CA00082B081;
			remoteInfo = MySpellBee;
		};
		41AE21F3295C9CA30082B081 /* PBXContainerItemProxy */ = {
			isa = PBXContainerItemProxy;
			containerPortal = 41AE21CA295C9CA00082B081 /* Project object */;
			proxyType = 1;
			remoteGlobalIDString = 41AE21D1295C9CA00082B081;
			remoteInfo = MySpellBee;
		};
/* End PBXContainerItemProxy section */

/* Begin PBXFileReference section */
		41AE21D2295C9CA00082B081 /* MySpellBee.app */ = {isa = PBXFileReference; explicitFileType = wrapper.application; includeInIndex = 0; path = MySpellBee.app; sourceTree = BUILT_PRODUCTS_DIR; };
		41AE21D5295C9CA00082B081 /* AppDelegate.swift */ = {isa = PBXFileReference; lastKnownFileType = sourcecode.swift; path = AppDelegate.swift; sourceTree = "<group>"; };
		41AE21D7295C9CA00082B081 /* SceneDelegate.swift */ = {isa = PBXFileReference; lastKnownFileType = sourcecode.swift; path = SceneDelegate.swift; sourceTree = "<group>"; };
		41AE21D9295C9CA00082B081 /* ViewController.swift */ = {isa = PBXFileReference; lastKnownFileType = sourcecode.swift; path = ViewController.swift; sourceTree = "<group>"; };
		41AE21DC295C9CA00082B081 /* Base */ = {isa = PBXFileReference; lastKnownFileType = file.storyboard; name = Base; path = Base.lproj/Main.storyboard; sourceTree = "<group>"; };
		41AE21DE295C9CA30082B081 /* Assets.xcassets */ = {isa = PBXFileReference; lastKnownFileType = folder.assetcatalog; path = Assets.xcassets; sourceTree = "<group>"; };
		41AE21E1295C9CA30082B081 /* Base */ = {isa = PBXFileReference; lastKnownFileType = file.storyboard; name = Base; path = Base.lproj/LaunchScreen.storyboard; sourceTree = "<group>"; };
		41AE21E3295C9CA30082B081 /* Info.plist */ = {isa = PBXFileReference; lastKnownFileType = text.plist.xml; path = Info.plist; sourceTree = "<group>"; };
		41AE21E8295C9CA30082B081 /* MySpellBeeTests.xctest */ = {isa = PBXFileReference; explicitFileType = wrapper.cfbundle; includeInIndex = 0; path = MySpellBeeTests.xctest; sourceTree = BUILT_PRODUCTS_DIR; };
		41AE21EC295C9CA30082B081 /* MySpellBeeTests.swift */ = {isa = PBXFileReference; lastKnownFileType = sourcecode.swift; path = MySpellBeeTests.swift; sourceTree = "<group>"; };
		41AE21F2295C9CA30082B081 /* MySpellBeeUITests.xctest */ = {isa = PBXFileReference; explicitFileType = wrapper.cfbundle; includeInIndex = 0; path = MySpellBeeUITests.xctest; sourceTree = BUILT_PRODUCTS_DIR; };
		41AE21F6295C9CA30082B081 /* MySpellBeeUITests.swift */ = {isa = PBXFileReference; lastKnownFileType = sourcecode.swift; path = MySpellBeeUITests.swift; sourceTree = "<group>"; };
		41AE21F8295C9CA30082B081 /* MySpellBeeUITestsLaunchTests.swift */ = {isa = PBXFileReference; lastKnownFileType = sourcecode.swift; path = MySpellBeeUITestsLaunchTests.swift; sourceTree = "<group>"; };
/* End PBXFileReference section */

/* Begin PBXFrameworksBuildPhase section */
		41AE21CF295C9CA00082B081 /* Frameworks */ = {
			isa = PBXFrameworksBuildPhase;
			buildActionMask = 2147483647;
			files = (
			);
			runOnlyForDeploymentPostprocessing = 0;
		};
		41AE21E5295C9CA30082B081 /* Frameworks */ = {
			isa = PBXFrameworksBuildPhase;
			buildActionMask = 2147483647;
			files = (
			);
			runOnlyForDeploymentPostprocessing = 0;
		};
		41AE21EF295C9CA30082B081 /* Frameworks */ = {
			isa = PBXFrameworksBuildPhase;
			buildActionMask = 2147483647;
			files = (
			);
			runOnlyForDeploymentPostprocessing = 0;
		};
/* End PBXFrameworksBuildPhase section */

/* Begin PBXGroup section */
		41AE21C9295C9CA00082B081 = {
			isa = PBXGroup;
			children = (
				41AE21D4295C9CA00082B081 /* MySpellBee */,
				41AE21EB295C9CA30082B081 /* MySpellBeeTests */,
				41AE21F5295C9CA30082B081 /* MySpellBeeUITests */,
				41AE21D3295C9CA00082B081 /* Products */,
			);
			sourceTree = "<group>";
		};
		41AE21D3295C9CA00082B081 /* Products */ = {
			isa = PBXGroup;
			children = (
				41AE21D2295C9CA00082B081 /* MySpellBee.app */,
				41AE21E8295C9CA30082B081 /* MySpellBeeTests.xctest */,
				41AE21F2295C9CA30082B081 /* MySpellBeeUITests.xctest */,
			);
			name = Products;
			sourceTree = "<group>";
		};
		41AE21D4295C9CA00082B081 /* MySpellBee */ = {
			isa = PBXGroup;
			children = (
				41AE21D5295C9CA00082B081 /* AppDelegate.swift */,
				41AE21D7295C9CA00082B081 /* SceneDelegate.swift */,
				41AE21D9295C9CA00082B081 /* ViewController.swift */,
				41AE21DB295C9CA00082B081 /* Main.storyboard */,
				41AE21DE295C9CA30082B081 /* Assets.xcassets */,
				41AE21E0295C9CA30082B081 /* LaunchScreen.storyboard */,
				41AE21E3295C9CA30082B081 /* Info.plist */,
			);
			path = MySpellBee;
			sourceTree = "<group>";
		};
		41AE21EB295C9CA30082B081 /* MySpellBeeTests */ = {
			isa = PBXGroup;
			children = (
				41AE21EC295C9CA30082B081 /* MySpellBeeTests.swift */,
			);
			path = MySpellBeeTests;
			sourceTree = "<group>";
		};
		41AE21F5295C9CA30082B081 /* MySpellBeeUITests */ = {
			isa = PBXGroup;
			children = (
				41AE21F6295C9CA30082B081 /* MySpellBeeUITests.swift */,
				41AE21F8295C9CA30082B081 /* MySpellBeeUITestsLaunchTests.swift */,
			);
			path = MySpellBeeUITests;
			sourceTree = "<group>";
		};
/* End PBXGroup section */

/* Begin PBXNativeTarget section */
		41AE21D1295C9CA00082B081 /* MySpellBee */ = {
			isa = PBXNativeTarget;
			buildConfigurationList = 41AE21FC295C9CA30082B081 /* Build configuration list for PBXNativeTarget "MySpellBee" */;
			buildPhases = (
				41AE21CE295C9CA00082B081 /* Sources */,
				41AE21CF295C9CA00082B081 /* Frameworks */,
				41AE21D0295C9CA00082B081 /* Resources */,
			);
			buildRules = (
			);
			dependencies = (
			);
			name = MySpellBee;
			productName = MySpellBee;
			productReference = 41AE21D2295C9CA00082B081 /* MySpellBee.app */;
			productType = "com.apple.product-type.application";
		};
		41AE21E7295C9CA30082B081 /* MySpellBeeTests */ = {
			isa = PBXNativeTarget;
			buildConfigurationList = 41AE21FF295C9CA30082B081 /* Build configuration list for PBXNativeTarget "MySpellBeeTests" */;
			buildPhases = (
				41AE21E4295C9CA30082B081 /* Sources */,
				41AE21E5295C9CA30082B081 /* Frameworks */,
				41AE21E6295C9CA30082B081 /* Resources */,
			);
			buildRules = (
			);
			dependencies = (
				41AE21EA295C9CA30082B081 /* PBXTargetDependency */,
			);
			name = MySpellBeeTests;
			productName = MySpellBeeTests;
			productReference = 41AE21E8295C9CA30082B081 /* MySpellBeeTests.xctest */;
			productType = "com.apple.product-type.bundle.unit-test";
		};
		41AE21F1295C9CA30082B081 /* MySpellBeeUITests */ = {
			isa = PBXNativeTarget;
			buildConfigurationList = 41AE2202295C9CA30082B081 /* Build configuration list for PBXNativeTarget "MySpellBeeUITests" */;
			buildPhases = (
				41AE21EE295C9CA30082B081 /* Sources */,
				41AE21EF295C9CA30082B081 /* Frameworks */,
				41AE21F0295C9CA30082B081 /* Resources */,
			);
			buildRules = (
			);
			dependencies = (
				41AE21F4295C9CA30082B081 /* PBXTargetDependency */,
			);
			name = MySpellBeeUITests;
			productName = MySpellBeeUITests;
			productReference = 41AE21F2295C9CA30082B081 /* MySpellBeeUITests.xctest */;
			productType = "com.apple.product-type.bundle.ui-testing";
		};
/* End PBXNativeTarget section */

/* Begin PBXProject section */
		41AE21CA295C9CA00082B081 /* Project object */ = {
			isa = PBXProject;
			attributes = {
				BuildIndependentTargetsInParallel = 1;
				LastSwiftUpdateCheck = 1340;
				LastUpgradeCheck = 1340;
				TargetAttributes = {
					41AE21D1295C9CA00082B081 = {
						CreatedOnToolsVersion = 13.4.1;
					};
					41AE21E7295C9CA30082B081 = {
						CreatedOnToolsVersion = 13.4.1;
						TestTargetID = 41AE21D1295C9CA00082B081;
					};
					41AE21F1295C9CA30082B081 = {
						CreatedOnToolsVersion = 13.4.1;
						TestTargetID = 41AE21D1295C9CA00082B081;
					};
				};
			};
			buildConfigurationList = 41AE21CD295C9CA00082B081 /* Build configuration list for PBXProject "MySpellBee" */;
			compatibilityVersion = "Xcode 13.0";
			developmentRegion = en;
			hasScannedForEncodings = 0;
			knownRegions = (
				en,
				Base,
			);
			mainGroup = 41AE21C9295C9CA00082B081;
			productRefGroup = 41AE21D3295C9CA00082B081 /* Products */;
			projectDirPath = "";
			projectRoot = "";
			targets = (
				41AE21D1295C9CA00082B081 /* MySpellBee */,
				41AE21E7295C9CA30082B081 /* MySpellBeeTests */,
				41AE21F1295C9CA30082B081 /* MySpellBeeUITests */,
			);
		};
/* End PBXProject section */

/* Begin PBXResourcesBuildPhase section */
		41AE21D0295C9CA00082B081 /* Resources */ = {
			isa = PBXResourcesBuildPhase;
			buildActionMask = 2147483647;
			files = (
				41AE21E2295C9CA30082B081 /* LaunchScreen.storyboard in Resources */,
				41AE21DF295C9CA30082B081 /* Assets.xcassets in Resources */,
				41AE21DD295C9CA00082B081 /* Main.storyboard in Resources */,
			);
			runOnlyForDeploymentPostprocessing = 0;
		};
		41AE21E6295C9CA30082B081 /* Resources */ = {
			isa = PBXResourcesBuildPhase;
			buildActionMask = 2147483647;
			files = (
			);
			runOnlyForDeploymentPostprocessing = 0;
		};
		41AE21F0295C9CA30082B081 /* Resources */ = {
			isa = PBXResourcesBuildPhase;
			buildActionMask = 2147483647;
			files = (
			);
			runOnlyForDeploymentPostprocessing = 0;
		};
/* End PBXResourcesBuildPhase section */

/* Begin PBXSourcesBuildPhase section */
		41AE21CE295C9CA00082B081 /* Sources */ = {
			isa = PBXSourcesBuildPhase;
			buildActionMask = 2147483647;
			files = (
				41AE21DA295C9CA00082B081 /* ViewController.swift in Sources */,
				41AE21D6295C9CA00082B081 /* AppDelegate.swift in Sources */,
				41AE21D8295C9CA00082B081 /* SceneDelegate.swift in Sources */,
			);
			runOnlyForDeploymentPostprocessing = 0;
		};
		41AE21E4295C9CA30082B081 /* Sources */ = {
			isa = PBXSourcesBuildPhase;
			buildActionMask = 2147483647;
			files = (
				41AE21ED295C9CA30082B081 /* MySpellBeeTests.swift in Sources */,
			);
			runOnlyForDeploymentPostprocessing = 0;
		};
		41AE21EE295C9CA30082B081 /* Sources */ = {
			isa = PBXSourcesBuildPhase;
			buildActionMask = 2147483647;
			files = (
				41AE21F9295C9CA30082B081 /* MySpellBeeUITestsLaunchTests.swift in Sources */,
				41AE21F7295C9CA30082B081 /* MySpellBeeUITests.swift in Sources */,
			);
			runOnlyForDeploymentPostprocessing = 0;
		};
/* End PBXSourcesBuildPhase section */

/* Begin PBXTargetDependency section */
		41AE21EA295C9CA30082B081 /* PBXTargetDependency */ = {
			isa = PBXTargetDependency;
			target = 41AE21D1295C9CA00082B081 /* MySpellBee */;
			targetProxy = 41AE21E9295C9CA30082B081 /* PBXContainerItemProxy */;
		};
		41AE21F4295C9CA30082B081 /* PBXTargetDependency */ = {
			isa = PBXTargetDependency;
			target = 41AE21D1295C9CA00082B081 /* MySpellBee */;
			targetProxy = 41AE21F3295C9CA30082B081 /* PBXContainerItemProxy */;
		};
/* End PBXTargetDependency section */

/* Begin PBXVariantGroup section */
		41AE21DB295C9CA00082B081 /* Main.storyboard */ = {
			isa = PBXVariantGroup;
			children = (
				41AE21DC295C9CA00082B081 /* Base */,
			);
			name = Main.storyboard;
			sourceTree = "<group>";
		};
		41AE21E0295C9CA30082B081 /* LaunchScreen.storyboard */ = {
			isa = PBXVariantGroup;
			children = (
				41AE21E1295C9CA30082B081 /* Base */,
			);
			name = LaunchScreen.storyboard;
			sourceTree = "<group>";
		};
/* End PBXVariantGroup section */

/* Begin XCBuildConfiguration section */
		41AE21FA295C9CA30082B081 /* Debug */ = {
			isa = XCBuildConfiguration;
			buildSettings = {
				ALWAYS_SEARCH_USER_PATHS = NO;
				CLANG_ANALYZER_NONNULL = YES;
				CLANG_ANALYZER_NUMBER_OBJECT_CONVERSION = YES_AGGRESSIVE;
				CLANG_CXX_LANGUAGE_STANDARD = "gnu++17";
				CLANG_ENABLE_MODULES = YES;
				CLANG_ENABLE_OBJC_ARC = YES;
				CLANG_ENABLE_OBJC_WEAK = YES;
				CLANG_WARN_BLOCK_CAPTURE_AUTORELEASING = YES;
				CLANG_WARN_BOOL_CONVERSION = YES;
				CLANG_WARN_COMMA = YES;
				CLANG_WARN_CONSTANT_CONVERSION = YES;
				CLANG_WARN_DEPRECATED_OBJC_IMPLEMENTATIONS = YES;
				CLANG_WARN_DIRECT_OBJC_ISA_USAGE = YES_ERROR;
				CLANG_WARN_DOCUMENTATION_COMMENTS = YES;
				CLANG_WARN_EMPTY_BODY = YES;
				CLANG_WARN_ENUM_CONVERSION = YES;
				CLANG_WARN_INFINITE_RECURSION = YES;
				CLANG_WARN_INT_CONVERSION = YES;
				CLANG_WARN_NON_LITERAL_NULL_CONVERSION = YES;
				CLANG_WARN_OBJC_IMPLICIT_RETAIN_SELF = YES;
				CLANG_WARN_OBJC_LITERAL_CONVERSION = YES;
				CLANG_WARN_OBJC_ROOT_CLASS = YES_ERROR;
				CLANG_WARN_QUOTED_INCLUDE_IN_FRAMEWORK_HEADER = YES;
				CLANG_WARN_RANGE_LOOP_ANALYSIS = YES;
				CLANG_WARN_STRICT_PROTOTYPES = YES;
				CLANG_WARN_SUSPICIOUS_MOVE = YES;
				CLANG_WARN_UNGUARDED_AVAILABILITY = YES_AGGRESSIVE;
				CLANG_WARN_UNREACHABLE_CODE = YES;
				CLANG_WARN__DUPLICATE_METHOD_MATCH = YES;
				COPY_PHASE_STRIP = NO;
				DEBUG_INFORMATION_FORMAT = dwarf;
				ENABLE_STRICT_OBJC_MSGSEND = YES;
				ENABLE_TESTABILITY = YES;
				GCC_C_LANGUAGE_STANDARD = gnu11;
				GCC_DYNAMIC_NO_PIC = NO;
				GCC_NO_COMMON_BLOCKS = YES;
				GCC_OPTIMIZATION_LEVEL = 0;
				GCC_PREPROCESSOR_DEFINITIONS = (
					"DEBUG=1",
					"$(inherited)",
				);
				GCC_WARN_64_TO_32_BIT_CONVERSION = YES;
				GCC_WARN_ABOUT_RETURN_TYPE = YES_ERROR;
				GCC_WARN_UNDECLARED_SELECTOR = YES;
				GCC_WARN_UNINITIALIZED_AUTOS = YES_AGGRESSIVE;
				GCC_WARN_UNUSED_FUNCTION = YES;
				GCC_WARN_UNUSED_VARIABLE = YES;
				IPHONEOS_DEPLOYMENT_TARGET = 15.5;
				MTL_ENABLE_DEBUG_INFO = INCLUDE_SOURCE;
				MTL_FAST_MATH = YES;
				ONLY_ACTIVE_ARCH = YES;
				SDKROOT = iphoneos;
				SWIFT_ACTIVE_COMPILATION_CONDITIONS = DEBUG;
				SWIFT_OPTIMIZATION_LEVEL = "-Onone";
			};
			name = Debug;
		};
		41AE21FB295C9CA30082B081 /* Release */ = {
			isa = XCBuildConfiguration;
			buildSettings = {
				ALWAYS_SEARCH_USER_PATHS = NO;
				CLANG_ANALYZER_NONNULL = YES;
				CLANG_ANALYZER_NUMBER_OBJECT_CONVERSION = YES_AGGRESSIVE;
				CLANG_CXX_LANGUAGE_STANDARD = "gnu++17";
				CLANG_ENABLE_MODULES = YES;
				CLANG_ENABLE_OBJC_ARC = YES;
				CLANG_ENABLE_OBJC_WEAK = YES;
				CLANG_WARN_BLOCK_CAPTURE_AUTORELEASING = YES;
				CLANG_WARN_BOOL_CONVERSION = YES;
				CLANG_WARN_COMMA = YES;
				CLANG_WARN_CONSTANT_CONVERSION = YES;
				CLANG_WARN_DEPRECATED_OBJC_IMPLEMENTATIONS = YES;
				CLANG_WARN_DIRECT_OBJC_ISA_USAGE = YES_ERROR;
				CLANG_WARN_DOCUMENTATION_COMMENTS = YES;
				CLANG_WARN_EMPTY_BODY = YES;
				CLANG_WARN_ENUM_CONVERSION = YES;
				CLANG_WARN_INFINITE_RECURSION = YES;
				CLANG_WARN_INT_CONVERSION = YES;
				CLANG_WARN_NON_LITERAL_NULL_CONVERSION = YES;
				CLANG_WARN_OBJC_IMPLICIT_RETAIN_SELF = YES;
				CLANG_WARN_OBJC_LITERAL_CONVERSION = YES;
				CLANG_WARN_OBJC_ROOT_CLASS = YES_ERROR;
				CLANG_WARN_QUOTED_INCLUDE_IN_FRAMEWORK_HEADER = YES;
				CLANG_WARN_RANGE_LOOP_ANALYSIS = YES;
				CLANG_WARN_STRICT_PROTOTYPES = YES;
				CLANG_WARN_SUSPICIOUS_MOVE = YES;
				CLANG_WARN_UNGUARDED_AVAILABILITY = YES_AGGRESSIVE;
				CLANG_WARN_UNREACHABLE_CODE = YES;
				CLANG_WARN__DUPLICATE_METHOD_MATCH = YES;
				COPY_PHASE_STRIP = NO;
				DEBUG_INFORMATION_FORMAT = "dwarf-with-dsym";
				ENABLE_NS_ASSERTIONS = NO;
				ENABLE_STRICT_OBJC_MSGSEND = YES;
				GCC_C_LANGUAGE_STANDARD = gnu11;
				GCC_NO_COMMON_BLOCKS = YES;
				GCC_WARN_64_TO_32_BIT_CONVERSION = YES;
				GCC_WARN_ABOUT_RETURN_TYPE = YES_ERROR;
				GCC_WARN_UNDECLARED_SELECTOR = YES;
				GCC_WARN_UNINITIALIZED_AUTOS = YES_AGGRESSIVE;
				GCC_WARN_UNUSED_FUNCTION = YES;
				GCC_WARN_UNUSED_VARIABLE = YES;
				IPHONEOS_DEPLOYMENT_TARGET = 15.5;
				MTL_ENABLE_DEBUG_INFO = NO;
				MTL_FAST_MATH = YES;
				SDKROOT = iphoneos;
				SWIFT_COMPILATION_MODE = wholemodule;
				SWIFT_OPTIMIZATION_LEVEL = "-O";
				VALIDATE_PRODUCT = YES;
			};
			name = Release;
		};
		41AE21FD295C9CA30082B081 /* Debug */ = {
			isa = XCBuildConfiguration;
			buildSettings = {
				ASSETCATALOG_COMPILER_APPICON_NAME = AppIcon;
				ASSETCATALOG_COMPILER_GLOBAL_ACCENT_COLOR_NAME = AccentColor;
				CODE_SIGN_STYLE = Automatic;
				CURRENT_PROJECT_VERSION = 1;
				DEVELOPMENT_TEAM = 2HZ6W34H59;
				GENERATE_INFOPLIST_FILE = YES;
				INFOPLIST_FILE = MySpellBee/Info.plist;
				INFOPLIST_KEY_UIApplicationSupportsIndirectInputEvents = YES;
				INFOPLIST_KEY_UILaunchStoryboardName = LaunchScreen;
				INFOPLIST_KEY_UIMainStoryboardFile = Main;
				INFOPLIST_KEY_UISupportedInterfaceOrientations_iPad = "UIInterfaceOrientationPortrait UIInterfaceOrientationPortraitUpsideDown UIInterfaceOrientationLandscapeLeft UIInterfaceOrientationLandscapeRight";
				INFOPLIST_KEY_UISupportedInterfaceOrientations_iPhone = "UIInterfaceOrientationPortrait UIInterfaceOrientationLandscapeLeft UIInterfaceOrientationLandscapeRight";
				LD_RUNPATH_SEARCH_PATHS = (
					"$(inherited)",
					"@executable_path/Frameworks",
				);
				MARKETING_VERSION = 1.0;
				PRODUCT_BUNDLE_IDENTIFIER = com.kvr.MySpellBee;
				PRODUCT_NAME = "$(TARGET_NAME)";
				SWIFT_EMIT_LOC_STRINGS = YES;
				SWIFT_VERSION = 5.0;
				TARGETED_DEVICE_FAMILY = "1,2";
			};
			name = Debug;
		};
		41AE21FE295C9CA30082B081 /* Release */ = {
			isa = XCBuildConfiguration;
			buildSettings = {
				ASSETCATALOG_COMPILER_APPICON_NAME = AppIcon;
				ASSETCATALOG_COMPILER_GLOBAL_ACCENT_COLOR_NAME = AccentColor;
				CODE_SIGN_STYLE = Automatic;
				CURRENT_PROJECT_VERSION = 1;
				DEVELOPMENT_TEAM = 2HZ6W34H59;
				GENERATE_INFOPLIST_FILE = YES;
				INFOPLIST_FILE = MySpellBee/Info.plist;
				INFOPLIST_KEY_UIApplicationSupportsIndirectInputEvents = YES;
				INFOPLIST_KEY_UILaunchStoryboardName = LaunchScreen;
				INFOPLIST_KEY_UIMainStoryboardFile = Main;
				INFOPLIST_KEY_UISupportedInterfaceOrientations_iPad = "UIInterfaceOrientationPortrait UIInterfaceOrientationPortraitUpsideDown UIInterfaceOrientationLandscapeLeft UIInterfaceOrientationLandscapeRight";
				INFOPLIST_KEY_UISupportedInterfaceOrientations_iPhone = "UIInterfaceOrientationPortrait UIInterfaceOrientationLandscapeLeft UIInterfaceOrientationLandscapeRight";
				LD_RUNPATH_SEARCH_PATHS = (
					"$(inherited)",
					"@executable_path/Frameworks",
				);
				MARKETING_VERSION = 1.0;
				PRODUCT_BUNDLE_IDENTIFIER = com.kvr.MySpellBee;
				PRODUCT_NAME = "$(TARGET_NAME)";
				SWIFT_EMIT_LOC_STRINGS = YES;
				SWIFT_VERSION = 5.0;
				TARGETED_DEVICE_FAMILY = "1,2";
			};
			name = Release;
		};
		41AE2200295C9CA30082B081 /* Debug */ = {
			isa = XCBuildConfiguration;
			buildSettings = {
				ALWAYS_EMBED_SWIFT_STANDARD_LIBRARIES = YES;
				BUNDLE_LOADER = "$(TEST_HOST)";
				CODE_SIGN_STYLE = Automatic;
				CURRENT_PROJECT_VERSION = 1;
				DEVELOPMENT_TEAM = 2HZ6W34H59;
				GENERATE_INFOPLIST_FILE = YES;
				IPHONEOS_DEPLOYMENT_TARGET = 15.5;
				MARKETING_VERSION = 1.0;
				PRODUCT_BUNDLE_IDENTIFIER = com.kvr.MySpellBeeTests;
				PRODUCT_NAME = "$(TARGET_NAME)";
				SWIFT_EMIT_LOC_STRINGS = NO;
				SWIFT_VERSION = 5.0;
				TARGETED_DEVICE_FAMILY = "1,2";
				TEST_HOST = "$(BUILT_PRODUCTS_DIR)/MySpellBee.app/MySpellBee";
			};
			name = Debug;
		};
		41AE2201295C9CA30082B081 /* Release */ = {
			isa = XCBuildConfiguration;
			buildSettings = {
				ALWAYS_EMBED_SWIFT_STANDARD_LIBRARIES = YES;
				BUNDLE_LOADER = "$(TEST_HOST)";
				CODE_SIGN_STYLE = Automatic;
				CURRENT_PROJECT_VERSION = 1;
				DEVELOPMENT_TEAM = 2HZ6W34H59;
				GENERATE_INFOPLIST_FILE = YES;
				IPHONEOS_DEPLOYMENT_TARGET = 15.5;
				MARKETING_VERSION = 1.0;
				PRODUCT_BUNDLE_IDENTIFIER = com.kvr.MySpellBeeTests;
				PRODUCT_NAME = "$(TARGET_NAME)";
				SWIFT_EMIT_LOC_STRINGS = NO;
				SWIFT_VERSION = 5.0;
				TARGETED_DEVICE_FAMILY = "1,2";
				TEST_HOST = "$(BUILT_PRODUCTS_DIR)/MySpellBee.app/MySpellBee";
			};
			name = Release;
		};
		41AE2203295C9CA30082B081 /* Debug */ = {
			isa = XCBuildConfiguration;
			buildSettings = {
				ALWAYS_EMBED_SWIFT_STANDARD_LIBRARIES = YES;
				CODE_SIGN_STYLE = Automatic;
				CURRENT_PROJECT_VERSION = 1;
				DEVELOPMENT_TEAM = 2HZ6W34H59;
				GENERATE_INFOPLIST_FILE = YES;
				MARKETING_VERSION = 1.0;
				PRODUCT_BUNDLE_IDENTIFIER = com.kvr.MySpellBeeUITests;
				PRODUCT_NAME = "$(TARGET_NAME)";
				SWIFT_EMIT_LOC_STRINGS = NO;
				SWIFT_VERSION = 5.0;
				TARGETED_DEVICE_FAMILY = "1,2";
				TEST_TARGET_NAME = MySpellBee;
			};
			name = Debug;
		};
		41AE2204295C9CA30082B081 /* Release */ = {
			isa = XCBuildConfiguration;
			buildSettings = {
				ALWAYS_EMBED_SWIFT_STANDARD_LIBRARIES = YES;
				CODE_SIGN_STYLE = Automatic;
				CURRENT_PROJECT_VERSION = 1;
				DEVELOPMENT_TEAM = 2HZ6W34H59;
				GENERATE_INFOPLIST_FILE = YES;
				MARKETING_VERSION = 1.0;
				PRODUCT_BUNDLE_IDENTIFIER = com.kvr.MySpellBeeUITests;
				PRODUCT_NAME = "$(TARGET_NAME)";
				SWIFT_EMIT_LOC_STRINGS = NO;
				SWIFT_VERSION = 5.0;
				TARGETED_DEVICE_FAMILY = "1,2";
				TEST_TARGET_NAME = MySpellBee;
			};
			name = Release;
		};
/* End XCBuildConfiguration section */

/* Begin XCConfigurationList section */
		41AE21CD295C9CA00082B081 /* Build configuration list for PBXProject "MySpellBee" */ = {
			isa = XCConfigurationList;
			buildConfigurations = (
				41AE21FA295C9CA30082B081 /* Debug */,
				41AE21FB295C9CA30082B081 /* Release */,
			);
			defaultConfigurationIsVisible = 0;
			defaultConfigurationName = Release;
		};
		41AE21FC295C9CA30082B081 /* Build configuration list for PBXNativeTarget "MySpellBee" */ = {
			isa = XCConfigurationList;
			buildConfigurations = (
				41AE21FD295C9CA30082B081 /* Debug */,
				41AE21FE295C9CA30082B081 /* Release */,
			);
			defaultConfigurationIsVisible = 0;
			defaultConfigurationName = Release;
		};
		41AE21FF295C9CA30082B081 /* Build configuration list for PBXNativeTarget "MySpellBeeTests" */ = {
			isa = XCConfigurationList;
			buildConfigurations = (
				41AE2200295C9CA30082B081 /* Debug */,
				41AE2201295C9CA30082B081 /* Release */,
			);
			defaultConfigurationIsVisible = 0;
			defaultConfigurationName = Release;
		};
		41AE2202295C9CA30082B081 /* Build configuration list for PBXNativeTarget "MySpellBeeUITests" */ = {
			isa = XCConfigurationList;
			buildConfigurations = (
				41AE2203295C9CA30082B081 /* Debug */,
				41AE2204295C9CA30082B081 /* Release */,
			);
			defaultConfigurationIsVisible = 0;
			defaultConfigurationName = Release;
		};
/* End XCConfigurationList section */
	};
	rootObject = 41AE21CA295C9CA00082B081 /* Project object */;
}
